
Microsoft Visual Studio Solution File, Format Version 12.00
# Visual Studio Version 17
VisualStudioVersion = 17.3.32929.385
MinimumVisualStudioVersion = 10.0.40219.1
Project("{9A19103F-16F7-4668-BE54-9A1E7A4F7556}") = "IngestionLib", "IngestionLib\IngestionLib.csproj", "{C73767B0-4253-4726-8EB4-E8342C607BC3}"
EndProject
Project("{00D1A9C2-B5F0-4AF3-8072-F6C62B433612}") = "DBSportsEvent", "DBSportsEvent\DBSportsEvent.sqlproj", "{1AD0135F-DDA0-4C33-A157-B8D0A9052320}"
EndProject
Project("{9A19103F-16F7-4668-BE54-9A1E7A4F7556}") = "SportsEventAPI", "SportsEventAPI\SportsEventAPI.csproj", "{D7108EE2-86EC-4284-A458-13AC9BD049B0}"
EndProject
Global
	GlobalSection(SolutionConfigurationPlatforms) = preSolution
		Debug|Any CPU = Debug|Any CPU
		Release|Any CPU = Release|Any CPU
	EndGlobalSection
	GlobalSection(ProjectConfigurationPlatforms) = postSolution
		{C73767B0-4253-4726-8EB4-E8342C607BC3}.Debug|Any CPU.ActiveCfg = Debug|Any CPU
		{C73767B0-4253-4726-8EB4-E8342C607BC3}.Debug|Any CPU.Build.0 = Debug|Any CPU
		{C73767B0-4253-4726-8EB4-E8342C607BC3}.Release|Any CPU.ActiveCfg = Release|Any CPU
		{C73767B0-4253-4726-8EB4-E8342C607BC3}.Release|Any CPU.Build.0 = Release|Any CPU
		{1AD0135F-DDA0-4C33-A157-B8D0A9052320}.Debug|Any CPU.ActiveCfg = Debug|Any CPU
		{1AD0135F-DDA0-4C33-A157-B8D0A9052320}.Debug|Any CPU.Build.0 = Debug|Any CPU
		{1AD0135F-DDA0-4C33-A157-B8D0A9052320}.Debug|Any CPU.Deploy.0 = Debug|Any CPU
		{1AD0135F-DDA0-4C33-A157-B8D0A9052320}.Release|Any CPU.ActiveCfg = Release|Any CPU
		{1AD0135F-DDA0-4C33-A157-B8D0A9052320}.Release|Any CPU.Build.0 = Release|Any CPU
		{1AD0135F-DDA0-4C33-A157-B8D0A9052320}.Release|Any CPU.Deploy.0 = Release|Any CPU
		{D7108EE2-86EC-4284-A458-13AC9BD049B0}.Debug|Any CPU.ActiveCfg = Debug|Any CPU
		{D7108EE2-86EC-4284-A458-13AC9BD049B0}.Debug|Any CPU.Build.0 = Debug|Any CPU
		{D7108EE2-86EC-4284-A458-13AC9BD049B0}.Release|Any CPU.ActiveCfg = Release|Any CPU
		{D7108EE2-86EC-4284-A458-13AC9BD049B0}.Release|Any CPU.Build.0 = Release|Any CPU
	EndGlobalSection
	GlobalSection(SolutionProperties) = preSolution
		HideSolutionNode = FALSE
	EndGlobalSection
	GlobalSection(ExtensibilityGlobals) = postSolution
		SolutionGuid = {D1FB3A52-0C64-4F16-9FA3-4FB1785F3C91}
	EndGlobalSection
EndGlobal
